
Microsoft Visual Studio Solution File, Format Version 12.00
# Visual Studio Version 16
VisualStudioVersion = 16.0.31019.35
MinimumVisualStudioVersion = 10.0.40219.1
Project("{2150E333-8FDC-42A3-9474-1A3956D46DE8}") = "LinkedList", "LinkedList", "{F4D0BF59-0952-45B3-B455-129DB2E64F12}"
EndProject
Project("{FAE04EC0-301F-11D3-BF4B-00C04F79EFBC}") = "LinkedList", "LinkedList\LinkedList.csproj", "{6F977153-4992-42FB-8AC8-169B34BB226A}"
EndProject
Project("{2150E333-8FDC-42A3-9474-1A3956D46DE8}") = "Stacks", "Stacks", "{3003B678-DC87-4C5E-9BBA-DD7B15760684}"
EndProject
Project("{2150E333-8FDC-42A3-9474-1A3956D46DE8}") = "Sorting", "Sorting", "{8CFF086B-928D-4A5D-9682-FDED00B2E203}"
EndProject
Project("{2150E333-8FDC-42A3-9474-1A3956D46DE8}") = "Searching", "Searching", "{D6C19478-1127-4925-84BC-85DF14107DD3}"
EndProject
Project("{FAE04EC0-301F-11D3-BF4B-00C04F79EFBC}") = "Stacks", "Stacks\Stacks.csproj", "{395D6236-57A2-4B6E-BA62-A5FB213E8C58}"
EndProject
Project("{FAE04EC0-301F-11D3-BF4B-00C04F79EFBC}") = "SortingProgram", "SortingProgram\SortingProgram.csproj", "{13E65552-3B98-497E-A4CD-DFE16995BE60}"
EndProject
Project("{2150E333-8FDC-42A3-9474-1A3956D46DE8}") = "DoublyLinkedList", "DoublyLinkedList", "{3A2EF979-3A75-4407-8711-3D106EC01B92}"
EndProject
Project("{FAE04EC0-301F-11D3-BF4B-00C04F79EFBC}") = "DoublyLinkedList", "DoublyLinkedList\DoublyLinkedList.csproj", "{4638590A-B422-41E4-889B-ADB96B390CAA}"
EndProject
Project("{2150E333-8FDC-42A3-9474-1A3956D46DE8}") = "BinaryTree", "BinaryTree", "{616CD05A-5E3F-4EEB-A946-280608A9DA84}"
EndProject
Project("{FAE04EC0-301F-11D3-BF4B-00C04F79EFBC}") = "BinaryTree", "BinaryTree\BinaryTree.csproj", "{6DFFA6C5-FBA4-4DFF-8AC1-06389247E8E5}"
EndProject
Project("{2150E333-8FDC-42A3-9474-1A3956D46DE8}") = "BinarySearchTree", "BinarySearchTree", "{9654BCE6-E199-43A2-8B9E-9578CB3E7345}"
EndProject
Project("{FAE04EC0-301F-11D3-BF4B-00C04F79EFBC}") = "BinarySearchTree", "BinarySearchTree\BinarySearchTree.csproj", "{1D1691AA-424C-483C-9233-FECF33F0AE6C}"
EndProject
Global
	GlobalSection(SolutionConfigurationPlatforms) = preSolution
		Debug|Any CPU = Debug|Any CPU
		Release|Any CPU = Release|Any CPU
	EndGlobalSection
	GlobalSection(ProjectConfigurationPlatforms) = postSolution
		{6F977153-4992-42FB-8AC8-169B34BB226A}.Debug|Any CPU.ActiveCfg = Debug|Any CPU
		{6F977153-4992-42FB-8AC8-169B34BB226A}.Debug|Any CPU.Build.0 = Debug|Any CPU
		{6F977153-4992-42FB-8AC8-169B34BB226A}.Release|Any CPU.ActiveCfg = Release|Any CPU
		{6F977153-4992-42FB-8AC8-169B34BB226A}.Release|Any CPU.Build.0 = Release|Any CPU
		{395D6236-57A2-4B6E-BA62-A5FB213E8C58}.Debug|Any CPU.ActiveCfg = Debug|Any CPU
		{395D6236-57A2-4B6E-BA62-A5FB213E8C58}.Debug|Any CPU.Build.0 = Debug|Any CPU
		{395D6236-57A2-4B6E-BA62-A5FB213E8C58}.Release|Any CPU.ActiveCfg = Release|Any CPU
		{395D6236-57A2-4B6E-BA62-A5FB213E8C58}.Release|Any CPU.Build.0 = Release|Any CPU
		{13E65552-3B98-497E-A4CD-DFE16995BE60}.Debug|Any CPU.ActiveCfg = Debug|Any CPU
		{13E65552-3B98-497E-A4CD-DFE16995BE60}.Debug|Any CPU.Build.0 = Debug|Any CPU
		{13E65552-3B98-497E-A4CD-DFE16995BE60}.Release|Any CPU.ActiveCfg = Release|Any CPU
		{13E65552-3B98-497E-A4CD-DFE16995BE60}.Release|Any CPU.Build.0 = Release|Any CPU
		{4638590A-B422-41E4-889B-ADB96B390CAA}.Debug|Any CPU.ActiveCfg = Debug|Any CPU
		{4638590A-B422-41E4-889B-ADB96B390CAA}.Debug|Any CPU.Build.0 = Debug|Any CPU
		{4638590A-B422-41E4-889B-ADB96B390CAA}.Release|Any CPU.ActiveCfg = Release|Any CPU
		{4638590A-B422-41E4-889B-ADB96B390CAA}.Release|Any CPU.Build.0 = Release|Any CPU
		{6DFFA6C5-FBA4-4DFF-8AC1-06389247E8E5}.Debug|Any CPU.ActiveCfg = Debug|Any CPU
		{6DFFA6C5-FBA4-4DFF-8AC1-06389247E8E5}.Debug|Any CPU.Build.0 = Debug|Any CPU
		{6DFFA6C5-FBA4-4DFF-8AC1-06389247E8E5}.Release|Any CPU.ActiveCfg = Release|Any CPU
		{6DFFA6C5-FBA4-4DFF-8AC1-06389247E8E5}.Release|Any CPU.Build.0 = Release|Any CPU
		{1D1691AA-424C-483C-9233-FECF33F0AE6C}.Debug|Any CPU.ActiveCfg = Debug|Any CPU
		{1D1691AA-424C-483C-9233-FECF33F0AE6C}.Debug|Any CPU.Build.0 = Debug|Any CPU
		{1D1691AA-424C-483C-9233-FECF33F0AE6C}.Release|Any CPU.ActiveCfg = Release|Any CPU
		{1D1691AA-424C-483C-9233-FECF33F0AE6C}.Release|Any CPU.Build.0 = Release|Any CPU
	EndGlobalSection
	GlobalSection(SolutionProperties) = preSolution
		HideSolutionNode = FALSE
	EndGlobalSection
	GlobalSection(NestedProjects) = preSolution
		{6F977153-4992-42FB-8AC8-169B34BB226A} = {F4D0BF59-0952-45B3-B455-129DB2E64F12}
		{395D6236-57A2-4B6E-BA62-A5FB213E8C58} = {3003B678-DC87-4C5E-9BBA-DD7B15760684}
		{13E65552-3B98-497E-A4CD-DFE16995BE60} = {8CFF086B-928D-4A5D-9682-FDED00B2E203}
		{4638590A-B422-41E4-889B-ADB96B390CAA} = {3A2EF979-3A75-4407-8711-3D106EC01B92}
		{6DFFA6C5-FBA4-4DFF-8AC1-06389247E8E5} = {616CD05A-5E3F-4EEB-A946-280608A9DA84}
		{1D1691AA-424C-483C-9233-FECF33F0AE6C} = {9654BCE6-E199-43A2-8B9E-9578CB3E7345}
	EndGlobalSection
	GlobalSection(ExtensibilityGlobals) = postSolution
		SolutionGuid = {AFA2F4D0-0C97-4955-A441-E8FC05326B08}
	EndGlobalSection
EndGlobal
